<?xml version="1.0" encoding="utf-8"?>
<Project ToolsVersion="4.0" xmlns="http://schemas.microsoft.com/developer/msbuild/2003">
  <ItemGroup>
    <Filter Include="Source Files">
      <UniqueIdentifier>{4FC737F1-C7A5-4376-A066-2A32D752A2FF}</UniqueIdentifier>
      <Extensions>cpp;c;cc;cxx;c++;cppm;ixx;def;odl;idl;hpj;bat;asm;asmx</Extensions>
    </Filter>
    <Filter Include="Header Files">
      <UniqueIdentifier>{93995380-89BD-4b04-88EB-625FBE52EBFB}</UniqueIdentifier>
      <Extensions>h;hh;hpp;hxx;h++;hm;inl;inc;ipp;xsd</Extensions>
    </Filter>
    <Filter Include="Resource Files">
      <UniqueIdentifier>{67DA6AB6-F800-4c08-8B7A-83BB121AAD01}</UniqueIdentifier>
      <Extensions>rc;ico;cur;bmp;dlg;rc2;rct;bin;rgs;gif;jpg;jpeg;jpe;resx;tiff;tif;png;wav;mfcribbon-ms</Extensions>
    </Filter>
  </ItemGroup>
  <ItemGroup>
    <ClCompile Include="src\3D_Object_Viewer.cpp">
      <Filter>Source Files</Filter>
    </ClCompile>
    <ClCompile Include="Dependencies\imgui\imgui\imgui.cpp">
      <Filter>Source Files</Filter>
    </ClCompile>
    <ClCompile Include="Dependencies\imgui\imgui\imgui_demo.cpp">
      <Filter>Source Files</Filter>
    </ClCompile>
    <ClCompile Include="Dependencies\imgui\imgui\imgui_draw.cpp">
      <Filter>Source Files</Filter>
    </ClCompile>
    <ClCompile Include="Dependencies\imgui\imgui\imgui_tables.cpp">
      <Filter>Source Files</Filter>
    </ClCompile>
    <ClCompile Include="Dependencies\imgui\imgui\imgui_widgets.cpp">
      <Filter>Source Files</Filter>
    </ClCompile>
    <ClCompile Include="Dependencies\imgui\imgui\backends\imgui_impl_glfw.cpp">
      <Filter>Source Files</Filter>
    </ClCompile>
    <ClCompile Include="Dependencies\imgui\imgui\backends\imgui_impl_opengl3.cpp">
      <Filter>Source Files</Filter>
    </ClCompile>
    <ClCompile Include="src\Scene\Camera.cpp">
      <Filter>Source Files</Filter>
    </ClCompile>
    <ClCompile Include="src\gpu_side\ShaderClass.cpp">
      <Filter>Source Files</Filter>
    </ClCompile>
    <ClCompile Include="src\Rendering\RenderingCoordinator.cpp">
      <Filter>Source Files</Filter>
    </ClCompile>
    <ClCompile Include="src\Helpers\ModelLoader.cpp">
      <Filter>Source Files</Filter>
    </ClCompile>
    <ClCompile Include="src\gpu_side\VertexAttributeObject.cpp">
      <Filter>Source Files</Filter>
    </ClCompile>
    <ClCompile Include="src\Scene\Mesh.cpp">
      <Filter>Source Files</Filter>
    </ClCompile>
    <ClCompile Include="src\Core\Application.cpp">
      <Filter>Source Files</Filter>
    </ClCompile>
    <ClCompile Include="src\Core\WindowHandler.cpp">
      <Filter>Source Files</Filter>
    </ClCompile>
    <ClCompile Include="src\gpu_side\Framebuffer.cpp">
      <Filter>Source Files</Filter>
    </ClCompile>
    <ClCompile Include="src\Controls\InputHandler.cpp">
      <Filter>Source Files</Filter>
    </ClCompile>
    <ClCompile Include="src\gpu_side\Texture.cpp">
      <Filter>Source Files</Filter>
    </ClCompile>
    <ClCompile Include="src\Scene\Material.cpp">
      <Filter>Source Files</Filter>
    </ClCompile>
    <ClCompile Include="src\Rendering\Renderer.cpp">
      <Filter>Source Files</Filter>
    </ClCompile>
    <ClCompile Include="src\Scene\Model.cpp">
      <Filter>Source Files</Filter>
    </ClCompile>
    <ClCompile Include="src\Scene\Skybox.cpp">
      <Filter>Source Files</Filter>
    </ClCompile>
    <ClCompile Include="src\gpu_side\OpenGLBuffer.cpp">
      <Filter>Source Files</Filter>
    </ClCompile>
    <ClCompile Include="src\UI\UILayer.cpp">
      <Filter>Source Files</Filter>
    </ClCompile>
    <ClCompile Include="src\gpu_side\UniformBuffer.cpp">
      <Filter>Source Files</Filter>
    </ClCompile>
    <ClCompile Include="src\Rendering\SceneRenderer.cpp">
      <Filter>Source Files</Filter>
    </ClCompile>
    <ClCompile Include="src\Logging\App_Logger.cpp">
      <Filter>Source Files</Filter>
    </ClCompile>
    <ClCompile Include="src\pch\pch.cpp">
      <Filter>Source Files</Filter>
    </ClCompile>
    <ClCompile Include="Dependencies\stbi_image\stb_imp.cpp">
      <Filter>Source Files</Filter>
    </ClCompile>
    <ClCompile Include="src\Profiling\AppProfiler.cpp">
      <Filter>Source Files</Filter>
    </ClCompile>
    <ClCompile Include="src\Scene\MaterialRegistry.cpp">
      <Filter>Source Files</Filter>
    </ClCompile>
    <ClCompile Include="Dependencies\stbi_image\stb_write_imp.cpp">
      <Filter>Source Files</Filter>
    </ClCompile>
    <ClCompile Include="src\Helpers\TextureHelpers.cpp">
      <Filter>Source Files</Filter>
    </ClCompile>
    <ClCompile Include="src\Rendering\ShaderLibrary.cpp">
      <Filter>Source Files</Filter>
    </ClCompile>
    <ClCompile Include="src\Helpers\DialogWrapper.cpp">
      <Filter>Source Files</Filter>
    </ClCompile>
    <ClCompile Include="src\Helpers\ModelGenerator.cpp">
      <Filter>Source Files</Filter>
    </ClCompile>
  </ItemGroup>
  <ItemGroup>
    <ClInclude Include="Dependencies\imgui\imgui\imconfig.h">
      <Filter>Header Files</Filter>
    </ClInclude>
    <ClInclude Include="Dependencies\imgui\imgui\imgui.h">
      <Filter>Header Files</Filter>
    </ClInclude>
    <ClInclude Include="Dependencies\imgui\imgui\imgui_internal.h">
      <Filter>Header Files</Filter>
    </ClInclude>
    <ClInclude Include="Dependencies\imgui\imgui\imstb_rectpack.h">
      <Filter>Header Files</Filter>
    </ClInclude>
    <ClInclude Include="Dependencies\imgui\imgui\imstb_textedit.h">
      <Filter>Header Files</Filter>
    </ClInclude>
    <ClInclude Include="Dependencies\imgui\imgui\imstb_truetype.h">
      <Filter>Header Files</Filter>
    </ClInclude>
    <ClInclude Include="Dependencies\imgui\imgui\backends\imgui_impl_glfw.h">
      <Filter>Header Files</Filter>
    </ClInclude>
    <ClInclude Include="Dependencies\imgui\imgui\backends\imgui_impl_opengl3.h">
      <Filter>Header Files</Filter>
    </ClInclude>
    <ClInclude Include="src\Scene\Camera.h">
      <Filter>Header Files</Filter>
    </ClInclude>
    <ClInclude Include="src\gpu_side\ShaderClass.h">
      <Filter>Header Files</Filter>
    </ClInclude>
    <ClInclude Include="src\Rendering\RenderingCoordinator.h">
      <Filter>Header Files</Filter>
    </ClInclude>
    <ClInclude Include="src\Helpers\ModelLoader.h">
      <Filter>Header Files</Filter>
    </ClInclude>
    <ClInclude Include="src\gpu_side\VertexAttributeObject.h">
      <Filter>Header Files</Filter>
    </ClInclude>
    <ClInclude Include="src\Scene\Mesh.h">
      <Filter>Header Files</Filter>
    </ClInclude>
    <ClInclude Include="src\Core\Application.h">
      <Filter>Header Files</Filter>
    </ClInclude>
    <ClInclude Include="src\Core\WindowHandler.h">
      <Filter>Header Files</Filter>
    </ClInclude>
    <ClInclude Include="Shaders\ShaderPath.h">
      <Filter>Header Files</Filter>
    </ClInclude>
    <ClInclude Include="src\Core\Events.h">
      <Filter>Header Files</Filter>
    </ClInclude>
    <ClInclude Include="src\Helpers\DialogWrapper.h">
      <Filter>Header Files</Filter>
    </ClInclude>
    <ClInclude Include="src\gpu_side\Framebuffer.h">
      <Filter>Header Files</Filter>
    </ClInclude>
    <ClInclude Include="src\Controls\InputHandler.h">
      <Filter>Header Files</Filter>
    </ClInclude>
    <ClInclude Include="src\gpu_side\Texture.h">
      <Filter>Header Files</Filter>
    </ClInclude>
    <ClInclude Include="src\Scene\Material.h">
      <Filter>Header Files</Filter>
    </ClInclude>
    <ClInclude Include="src\Rendering\Renderer.h">
      <Filter>Header Files</Filter>
    </ClInclude>
    <ClInclude Include="src\Scene\Model.h">
      <Filter>Header Files</Filter>
    </ClInclude>
    <ClInclude Include="src\Scene\Skybox.h">
      <Filter>Header Files</Filter>
    </ClInclude>
    <ClInclude Include="src\gpu_side\OpenGLBuffer.h">
      <Filter>Header Files</Filter>
    </ClInclude>
    <ClInclude Include="src\UI\UILayer.h">
      <Filter>Header Files</Filter>
    </ClInclude>
    <ClInclude Include="src\gpu_side\UniformBuffer.h">
      <Filter>Header Files</Filter>
    </ClInclude>
    <ClInclude Include="src\Rendering\SceneRenderer.h">
      <Filter>Header Files</Filter>
    </ClInclude>
    <ClInclude Include="src\Core\AppEvent.h">
      <Filter>Header Files</Filter>
    </ClInclude>
    <ClInclude Include="src\Core\CommonAppData.h">
      <Filter>Header Files</Filter>
    </ClInclude>
    <ClInclude Include="src\Controls\MouseKeys.h">
      <Filter>Header Files</Filter>
    </ClInclude>
    <ClInclude Include="src\Controls\AppKeyBindings.h">
      <Filter>Header Files</Filter>
    </ClInclude>
    <ClInclude Include="src\Controls\KeyboardKeys.h">
      <Filter>Header Files</Filter>
    </ClInclude>
    <ClInclude Include="src\Helpers\FileFromatStruct.h">
      <Filter>Header Files</Filter>
    </ClInclude>
    <ClInclude Include="src\Helpers\UnitTransformer.h">
      <Filter>Header Files</Filter>
    </ClInclude>
    <ClInclude Include="src\Logging\App_Logger.h">
      <Filter>Header Files</Filter>
    </ClInclude>
    <ClInclude Include="src\pch\pch.h">
      <Filter>Header Files</Filter>
    </ClInclude>
    <ClInclude Include="src\Core\SceneViewport.h">
      <Filter>Header Files</Filter>
    </ClInclude>
    <ClInclude Include="src\Helpers\TextureHelpers.h">
      <Filter>Header Files</Filter>
    </ClInclude>
    <ClInclude Include="src\gpu_side\TextureEnums.h">
      <Filter>Header Files</Filter>
    </ClInclude>
    <ClInclude Include="src\Profiling\AppProfiler.h">
      <Filter>Header Files</Filter>
    </ClInclude>
    <ClInclude Include="src\Scene\MaterialRegistry.h">
      <Filter>Header Files</Filter>
    </ClInclude>
    <ClInclude Include="src\Enums\FIleImageEnums.h">
      <Filter>Header Files</Filter>
    </ClInclude>
    <ClInclude Include="src\Rendering\ShaderLibrary.h">
      <Filter>Header Files</Filter>
    </ClInclude>
    <ClInclude Include="src\Enums\GpuDataTypes.h">
      <Filter>Header Files</Filter>
    </ClInclude>
    <ClInclude Include="src\Rendering\SceneConfigurationSettingsStruct.h">
      <Filter>Header Files</Filter>
    </ClInclude>
    <ClInclude Include="src\Enums\MaterialFlags.h">
      <Filter>Header Files</Filter>
    </ClInclude>
    <ClInclude Include="src\Helpers\ModelGenerator.h">
      <Filter>Header Files</Filter>
    </ClInclude>
  </ItemGroup>
  <ItemGroup>
    <None Include="Shaders\ColorShader.glsl" />
    <None Include="Shaders\SkyboxShader.glsl" />
    <None Include="Shaders\GridShader.glsl" />
    <None Include="Shaders\LightShader.glsl" />
    <None Include="Shaders\MaterialShader.glsl" />
    <None Include="Shaders\WireframePointShader.glsl" />
    <None Include="Shaders\UVShader.glsl" />
    <None Include="Shaders\SingleTextureInspectShader.glsl" />
    <None Include="Shaders\PostProcessShader.glsl" />
    <None Include="Shaders\ClearColorMeshShader.glsl" />
    <None Include="Shaders\NormalOrientationShader.glsl" />
    <None Include="Shaders\ShaderCommonFunctions.glsl" />
    <None Include="Shaders\ColorSpaceUtilityFunctions.glsl" />
  </ItemGroup>
  <ItemGroup>
    <Image Include="Resources\WhiteTexture.png">
      <Filter>Resource Files</Filter>
    </Image>
    <Image Include="Resources\Normal_Map_dummy_texture.jpg">
      <Filter>Resource Files</Filter>
    </Image>
  </ItemGroup>
  <ItemGroup>
    <Text Include="Shaders\WireframeShader.glsl">
      <Filter>Source Files</Filter>
    </Text>
  </ItemGroup>
</Project>